github.com/fsnotify/fsnotify v1.7.0 h1:8JEhPFa5W2WU7YfeZzPNqzMP6Lwt7L2715Ggo0nosvA=
github.com/fsnotify/fsnotify v1.7.0/go.mod h1:40Bi/Hjc2AVfZrqy+aj+yEI+/bRxZnMJyTJwOpGvigM=
github.com/mattn/go-ieproxy v0.0.11 h1:MQ/5BuGSgDAHZOJe6YY80IF2UVCfGkwfo6AeD7HtHYo=
github.com/mattn/go-ieproxy v0.0.11/go.mod h1:/NsJd+kxZBmjMc5hrJCKMbP57B84rvq9BiDRbtO9AS0=
github.com/yamavol/go-argp v0.1.1 h1:E/nGsoZDPTbJ5IPsyNREl7wNra74v6DaJHol0vAXXd4=
github.com/yamavol/go-argp v0.1.1/go.mod h1:8z5pEO//k76vNPXP0KMT/hdIAhIBEMbkYbvWlumknN0=
golang.org/x/net v0.22.0 h1:9sGLhx7iRIHEiX0oAJ3MRZMUCElJgy7Br1nO+AMN3Tc=
golang.org/x/net v0.22.0/go.mod h1:JKghWKKOSdJwpW2GEx0Ja7fmaKnMsbu+MWVZTokSYmg=
golang.org/x/sys v0.18.0 h1:DBdB3niSjOA/O0blCZBqDefyWNYveAYMNF1Wum0DYQ4=
golang.org/x/sys v0.18.0/go.mod h1:/VUhepiaJMQUp4+oa/7Zr1D23ma6VTLIYjOOTFZPUcA=
golang.org/x/text v0.14.0 h1:ScX5w1eTa3QqT8oi6+ziP7dTV1S2+ALU0bI+0zXKWiQ=
golang.org/x/text v0.14.0/go.mod h1:18ZOQIKpY8NJVqYksKHtTdi31H5itFRjB5/qKTNYzSU=
