github.com/fsnotify/fsnotify v1.9.0 h1:2Ml+OJNzbYCTzsxtv8vKSFD9PbJjmhYF14k/jKC7S9k=
github.com/fsnotify/fsnotify v1.9.0/go.mod h1:8jBTzvmWwFyi3Pb8djgCCO5IBqzKJ/Jwo8TRcHyHii0=
github.com/mattn/go-ieproxy v0.0.12 h1:OZkUFJC3ESNZPQ+6LzC3VJIFSnreeFLQyqvBWtvfL2M=
github.com/mattn/go-ieproxy v0.0.12/go.mod h1:Vn+N61199DAnVeTgaF8eoB9PvLO8P3OBnG95ENh7B7c=
github.com/yamavol/go-argp v0.1.1 h1:E/nGsoZDPTbJ5IPsyNREl7wNra74v6DaJHol0vAXXd4=
github.com/yamavol/go-argp v0.1.1/go.mod h1:8z5pEO//k76vNPXP0KMT/hdIAhIBEMbkYbvWlumknN0=
golang.org/x/net v0.47.0 h1:Mx+4dIFzqraBXUugkia1OOvlD6LemFo1ALMHjrXDOhY=
golang.org/x/net v0.47.0/go.mod h1:/jNxtkgq5yWUGYkaZGqo27cfGZ1c5Nen03aYrrKpVRU=
golang.org/x/sys v0.38.0 h1:3yZWxaJjBmCWXqhN1qh02AkOnCQ1poK6oF+a7xWL6Gc=
golang.org/x/sys v0.38.0/go.mod h1:OgkHotnGiDImocRcuBABYBEXf8A9a87e/uXjp9XT3ks=
golang.org/x/text v0.31.0 h1:aC8ghyu4JhP8VojJ2lEHBnochRno1sgL6nEi9WGFGMM=
golang.org/x/text v0.31.0/go.mod h1:tKRAlv61yKIjGGHX/4tP1LTbc13YSec1pxVEWXzfoeM=
